
Microsoft Visual Studio Solution File, Format Version 12.00
# Visual Studio Version 17
VisualStudioVersion = 17.5.33530.505
MinimumVisualStudioVersion = 10.0.40219.1
Project("{FAE04EC0-301F-11D3-BF4B-00C04F79EFBC}") = "ado.net_basics(mvc)", "ado.net_basics(mvc)\ado.net_basics(mvc).csproj", "{CFC8EECF-BDAD-443F-9E09-E745865A868E}"
EndProject
Global
	GlobalSection(SolutionConfigurationPlatforms) = preSolution
		Debug|Any CPU = Debug|Any CPU
		Release|Any CPU = Release|Any CPU
	EndGlobalSection
	GlobalSection(ProjectConfigurationPlatforms) = postSolution
		{CFC8EECF-BDAD-443F-9E09-E745865A868E}.Debug|Any CPU.ActiveCfg = Debug|Any CPU
		{CFC8EECF-BDAD-443F-9E09-E745865A868E}.Debug|Any CPU.Build.0 = Debug|Any CPU
		{CFC8EECF-BDAD-443F-9E09-E745865A868E}.Release|Any CPU.ActiveCfg = Release|Any CPU
		{CFC8EECF-BDAD-443F-9E09-E745865A868E}.Release|Any CPU.Build.0 = Release|Any CPU
	EndGlobalSection
	GlobalSection(SolutionProperties) = preSolution
		HideSolutionNode = FALSE
	EndGlobalSection
	GlobalSection(ExtensibilityGlobals) = postSolution
		SolutionGuid = {06335D89-CD30-4933-B087-7B1C5268A833}
	EndGlobalSection
EndGlobal
